// !$*UTF8*$!
{
	archiveVersion = 1;
	classes = {
	};
	objectVersion = 46;
	objects = {

/* Begin PBXBuildFile section */
		D03AD4711D06014900BCD10A /* AppDelegate.swift in Sources */ = {isa = PBXBuildFile; fileRef = D03AD4701D06014900BCD10A /* AppDelegate.swift */; };
		D03AD4731D06014900BCD10A /* ViewController.swift in Sources */ = {isa = PBXBuildFile; fileRef = D03AD4721D06014900BCD10A /* ViewController.swift */; };
		D03AD4761D06014900BCD10A /* Main.storyboard in Resources */ = {isa = PBXBuildFile; fileRef = D03AD4741D06014900BCD10A /* Main.storyboard */; };
		D03AD4781D06014900BCD10A /* Assets.xcassets in Resources */ = {isa = PBXBuildFile; fileRef = D03AD4771D06014900BCD10A /* Assets.xcassets */; };
		D03AD47B1D06014900BCD10A /* LaunchScreen.storyboard in Resources */ = {isa = PBXBuildFile; fileRef = D03AD4791D06014900BCD10A /* LaunchScreen.storyboard */; };
		D03AD4831D0606FA00BCD10A /* Model.swift in Sources */ = {isa = PBXBuildFile; fileRef = D03AD4821D0606FA00BCD10A /* Model.swift */; };
/* End PBXBuildFile section */

/* Begin PBXFileReference section */
		D03AD46D1D06014900BCD10A /* SportStore.app */ = {isa = PBXFileReference; explicitFileType = wrapper.application; includeInIndex = 0; path = SportStore.app; sourceTree = BUILT_PRODUCTS_DIR; };
		D03AD4701D06014900BCD10A /* AppDelegate.swift */ = {isa = PBXFileReference; lastKnownFileType = sourcecode.swift; path = AppDelegate.swift; sourceTree = "<group>"; };
		D03AD4721D06014900BCD10A /* ViewController.swift */ = {isa = PBXFileReference; lastKnownFileType = sourcecode.swift; path = ViewController.swift; sourceTree = "<group>"; };
		D03AD4751D06014900BCD10A /* Base */ = {isa = PBXFileReference; lastKnownFileType = file.storyboard; name = Base; path = Base.lproj/Main.storyboard; sourceTree = "<group>"; };
		D03AD4771D06014900BCD10A /* Assets.xcassets */ = {isa = PBXFileReference; lastKnownFileType = folder.assetcatalog; path = Assets.xcassets; sourceTree = "<group>"; };
		D03AD47A1D06014900BCD10A /* Base */ = {isa = PBXFileReference; lastKnownFileType = file.storyboard; name = Base; path = Base.lproj/LaunchScreen.storyboard; sourceTree = "<group>"; };
		D03AD47C1D06014900BCD10A /* Info.plist */ = {isa = PBXFileReference; lastKnownFileType = text.plist.xml; path = Info.plist; sourceTree = "<group>"; };
		D03AD4821D0606FA00BCD10A /* Model.swift */ = {isa = PBXFileReference; fileEncoding = 4; lastKnownFileType = sourcecode.swift; path = Model.swift; sourceTree = "<group>"; };
/* End PBXFileReference section */

/* Begin PBXFrameworksBuildPhase section */
		D03AD46A1D06014900BCD10A /* Frameworks */ = {
			isa = PBXFrameworksBuildPhase;
			buildActionMask = 2147483647;
			files = (
			);
			runOnlyForDeploymentPostprocessing = 0;
		};
/* End PBXFrameworksBuildPhase section */

/* Begin PBXGroup section */
		D03AD4641D06014900BCD10A = {
			isa = PBXGroup;
			children = (
				D03AD46F1D06014900BCD10A /* SportStore */,
				D03AD46E1D06014900BCD10A /* Products */,
			);
			sourceTree = "<group>";
		};
		D03AD46E1D06014900BCD10A /* Products */ = {
			isa = PBXGroup;
			children = (
				D03AD46D1D06014900BCD10A /* SportStore.app */,
			);
			name = Products;
			sourceTree = "<group>";
		};
		D03AD46F1D06014900BCD10A /* SportStore */ = {
			isa = PBXGroup;
			children = (
				D03AD4701D06014900BCD10A /* AppDelegate.swift */,
				D03AD4821D0606FA00BCD10A /* Model.swift */,
				D03AD4721D06014900BCD10A /* ViewController.swift */,
				D03AD4741D06014900BCD10A /* Main.storyboard */,
				D03AD4771D06014900BCD10A /* Assets.xcassets */,
				D03AD4791D06014900BCD10A /* LaunchScreen.storyboard */,
				D03AD47C1D06014900BCD10A /* Info.plist */,
			);
			path = SportStore;
			sourceTree = "<group>";
		};
/* End PBXGroup section */

/* Begin PBXNativeTarget section */
		D03AD46C1D06014900BCD10A /* SportStore */ = {
			isa = PBXNativeTarget;
			buildConfigurationList = D03AD47F1D06014900BCD10A /* Build configuration list for PBXNativeTarget "SportStore" */;
			buildPhases = (
				D03AD4691D06014900BCD10A /* Sources */,
				D03AD46A1D06014900BCD10A /* Frameworks */,
				D03AD46B1D06014900BCD10A /* Resources */,
			);
			buildRules = (
			);
			dependencies = (
			);
			name = SportStore;
			productName = SportStore;
			productReference = D03AD46D1D06014900BCD10A /* SportStore.app */;
			productType = "com.apple.product-type.application";
		};
/* End PBXNativeTarget section */

/* Begin PBXProject section */
		D03AD4651D06014900BCD10A /* Project object */ = {
			isa = PBXProject;
			attributes = {
				LastSwiftUpdateCheck = 0730;
				LastUpgradeCheck = 0730;
				ORGANIZATIONNAME = "Leonardo Lobato";
				TargetAttributes = {
					D03AD46C1D06014900BCD10A = {
						CreatedOnToolsVersion = 7.3.1;
					};
				};
			};
			buildConfigurationList = D03AD4681D06014900BCD10A /* Build configuration list for PBXProject "SportStore" */;
			compatibilityVersion = "Xcode 3.2";
			developmentRegion = English;
			hasScannedForEncodings = 0;
			knownRegions = (
				en,
				Base,
			);
			mainGroup = D03AD4641D06014900BCD10A;
			productRefGroup = D03AD46E1D06014900BCD10A /* Products */;
			projectDirPath = "";
			projectRoot = "";
			targets = (
				D03AD46C1D06014900BCD10A /* SportStore */,
			);
		};
/* End PBXProject section */

/* Begin PBXResourcesBuildPhase section */
		D03AD46B1D06014900BCD10A /* Resources */ = {
			isa = PBXResourcesBuildPhase;
			buildActionMask = 2147483647;
			files = (
				D03AD47B1D06014900BCD10A /* LaunchScreen.storyboard in Resources */,
				D03AD4781D06014900BCD10A /* Assets.xcassets in Resources */,
				D03AD4761D06014900BCD10A /* Main.storyboard in Resources */,
			);
			runOnlyForDeploymentPostprocessing = 0;
		};
/* End PBXResourcesBuildPhase section */

/* Begin PBXSourcesBuildPhase section */
		D03AD4691D06014900BCD10A /* Sources */ = {
			isa = PBXSourcesBuildPhase;
			buildActionMask = 2147483647;
			files = (
				D03AD4831D0606FA00BCD10A /* Model.swift in Sources */,
				D03AD4731D06014900BCD10A /* ViewController.swift in Sources */,
				D03AD4711D06014900BCD10A /* AppDelegate.swift in Sources */,
			);
			runOnlyForDeploymentPostprocessing = 0;
		};
/* End PBXSourcesBuildPhase section */

/* Begin PBXVariantGroup section */
		D03AD4741D06014900BCD10A /* Main.storyboard */ = {
			isa = PBXVariantGroup;
			children = (
				D03AD4751D06014900BCD10A /* Base */,
			);
			name = Main.storyboard;
			sourceTree = "<group>";
		};
		D03AD4791D06014900BCD10A /* LaunchScreen.storyboard */ = {
			isa = PBXVariantGroup;
			children = (
				D03AD47A1D06014900BCD10A /* Base */,
			);
			name = LaunchScreen.storyboard;
			sourceTree = "<group>";
		};
/* End PBXVariantGroup section */

/* Begin XCBuildConfiguration section */
		D03AD47D1D06014900BCD10A /* Debug */ = {
			isa = XCBuildConfiguration;
			buildSettings = {
				ALWAYS_SEARCH_USER_PATHS = NO;
				CLANG_ANALYZER_NONNULL = YES;
				CLANG_CXX_LANGUAGE_STANDARD = "gnu++0x";
				CLANG_CXX_LIBRARY = "libc++";
				CLANG_ENABLE_MODULES = YES;
				CLANG_ENABLE_OBJC_ARC = YES;
				CLANG_WARN_BOOL_CONVERSION = YES;
				CLANG_WARN_CONSTANT_CONVERSION = YES;
				CLANG_WARN_DIRECT_OBJC_ISA_USAGE = YES_ERROR;
				CLANG_WARN_EMPTY_BODY = YES;
				CLANG_WARN_ENUM_CONVERSION = YES;
				CLANG_WARN_INT_CONVERSION = YES;
				CLANG_WARN_OBJC_ROOT_CLASS = YES_ERROR;
				CLANG_WARN_UNREACHABLE_CODE = YES;
				CLANG_WARN__DUPLICATE_METHOD_MATCH = YES;
				"CODE_SIGN_IDENTITY[sdk=iphoneos*]" = "iPhone Developer";
				COPY_PHASE_STRIP = NO;
				DEBUG_INFORMATION_FORMAT = dwarf;
				ENABLE_STRICT_OBJC_MSGSEND = YES;
				ENABLE_TESTABILITY = YES;
				GCC_C_LANGUAGE_STANDARD = gnu99;
				GCC_DYNAMIC_NO_PIC = NO;
				GCC_NO_COMMON_BLOCKS = YES;
				GCC_OPTIMIZATION_LEVEL = 0;
				GCC_PREPROCESSOR_DEFINITIONS = (
					"DEBUG=1",
					"$(inherited)",
				);
				GCC_WARN_64_TO_32_BIT_CONVERSION = YES;
				GCC_WARN_ABOUT_RETURN_TYPE = YES_ERROR;
				GCC_WARN_UNDECLARED_SELECTOR = YES;
				GCC_WARN_UNINITIALIZED_AUTOS = YES_AGGRESSIVE;
				GCC_WARN_UNUSED_FUNCTION = YES;
				GCC_WARN_UNUSED_VARIABLE = YES;
				IPHONEOS_DEPLOYMENT_TARGET = 9.3;
				MTL_ENABLE_DEBUG_INFO = YES;
				ONLY_ACTIVE_ARCH = YES;
				SDKROOT = iphoneos;
				SWIFT_OPTIMIZATION_LEVEL = "-Onone";
				TARGETED_DEVICE_FAMILY = "1,2";
			};
			name = Debug;
		};
		D03AD47E1D06014900BCD10A /* Release */ = {
			isa = XCBuildConfiguration;
			buildSettings = {
				ALWAYS_SEARCH_USER_PATHS = NO;
				CLANG_ANALYZER_NONNULL = YES;
				CLANG_CXX_LANGUAGE_STANDARD = "gnu++0x";
				CLANG_CXX_LIBRARY = "libc++";
				CLANG_ENABLE_MODULES = YES;
				CLANG_ENABLE_OBJC_ARC = YES;
				CLANG_WARN_BOOL_CONVERSION = YES;
				CLANG_WARN_CONSTANT_CONVERSION = YES;
				CLANG_WARN_DIRECT_OBJC_ISA_USAGE = YES_ERROR;
				CLANG_WARN_EMPTY_BODY = YES;
				CLANG_WARN_ENUM_CONVERSION = YES;
				CLANG_WARN_INT_CONVERSION = YES;
				CLANG_WARN_OBJC_ROOT_CLASS = YES_ERROR;
				CLANG_WARN_UNREACHABLE_CODE = YES;
				CLANG_WARN__DUPLICATE_METHOD_MATCH = YES;
				"CODE_SIGN_IDENTITY[sdk=iphoneos*]" = "iPhone Developer";
				COPY_PHASE_STRIP = NO;
				DEBUG_INFORMATION_FORMAT = "dwarf-with-dsym";
				ENABLE_NS_ASSERTIONS = NO;
				ENABLE_STRICT_OBJC_MSGSEND = YES;
				GCC_C_LANGUAGE_STANDARD = gnu99;
				GCC_NO_COMMON_BLOCKS = YES;
				GCC_WARN_64_TO_32_BIT_CONVERSION = YES;
				GCC_WARN_ABOUT_RETURN_TYPE = YES_ERROR;
				GCC_WARN_UNDECLARED_SELECTOR = YES;
				GCC_WARN_UNINITIALIZED_AUTOS = YES_AGGRESSIVE;
				GCC_WARN_UNUSED_FUNCTION = YES;
				GCC_WARN_UNUSED_VARIABLE = YES;
				IPHONEOS_DEPLOYMENT_TARGET = 9.3;
				MTL_ENABLE_DEBUG_INFO = NO;
				SDKROOT = iphoneos;
				TARGETED_DEVICE_FAMILY = "1,2";
				VALIDATE_PRODUCT = YES;
			};
			name = Release;
		};
		D03AD4801D06014900BCD10A /* Debug */ = {
			isa = XCBuildConfiguration;
			buildSettings = {
				ASSETCATALOG_COMPILER_APPICON_NAME = AppIcon;
				INFOPLIST_FILE = SportStore/Info.plist;
				LD_RUNPATH_SEARCH_PATHS = "$(inherited) @executable_path/Frameworks";
				PRODUCT_BUNDLE_IDENTIFIER = com.leonardollobato.SportStore;
				PRODUCT_NAME = "$(TARGET_NAME)";
			};
			name = Debug;
		};
		D03AD4811D06014900BCD10A /* Release */ = {
			isa = XCBuildConfiguration;
			buildSettings = {
				ASSETCATALOG_COMPILER_APPICON_NAME = AppIcon;
				INFOPLIST_FILE = SportStore/Info.plist;
				LD_RUNPATH_SEARCH_PATHS = "$(inherited) @executable_path/Frameworks";
				PRODUCT_BUNDLE_IDENTIFIER = com.leonardollobato.SportStore;
				PRODUCT_NAME = "$(TARGET_NAME)";
			};
			name = Release;
		};
/* End XCBuildConfiguration section */

/* Begin XCConfigurationList section */
		D03AD4681D06014900BCD10A /* Build configuration list for PBXProject "SportStore" */ = {
			isa = XCConfigurationList;
			buildConfigurations = (
				D03AD47D1D06014900BCD10A /* Debug */,
				D03AD47E1D06014900BCD10A /* Release */,
			);
			defaultConfigurationIsVisible = 0;
			defaultConfigurationName = Release;
		};
		D03AD47F1D06014900BCD10A /* Build configuration list for PBXNativeTarget "SportStore" */ = {
			isa = XCConfigurationList;
			buildConfigurations = (
				D03AD4801D06014900BCD10A /* Debug */,
				D03AD4811D06014900BCD10A /* Release */,
			);
			defaultConfigurationIsVisible = 0;
		};
/* End XCConfigurationList section */
	};
	rootObject = D03AD4651D06014900BCD10A /* Project object */;
}
